
Microsoft Visual Studio Solution File, Format Version 12.00
# Visual Studio Version 16
VisualStudioVersion = 16.0.28803.156
MinimumVisualStudioVersion = 10.0.40219.1
Project("{FAE04EC0-301F-11D3-BF4B-00C04F79EFBC}") = "Camela.Nestor.2D.TP4", "Camela.Nestor.2D.TP4.csproj", "{408BE515-8BE0-4CD9-90E5-034335E4FC5D}"
EndProject
Project("{FAE04EC0-301F-11D3-BF4B-00C04F79EFBC}") = "Entidades", "..\Entidades\Entidades.csproj", "{9ABD7328-AE7B-445A-89B8-8CFC5CC9A042}"
EndProject
Project("{FAE04EC0-301F-11D3-BF4B-00C04F79EFBC}") = "CorreoUTN", "..\CorreoUTN\CorreoUTN.csproj", "{25C3188A-4224-498A-A5BC-82E5634357C5}"
EndProject
Global
	GlobalSection(SolutionConfigurationPlatforms) = preSolution
		Debug|Any CPU = Debug|Any CPU
		Release|Any CPU = Release|Any CPU
	EndGlobalSection
	GlobalSection(ProjectConfigurationPlatforms) = postSolution
		{408BE515-8BE0-4CD9-90E5-034335E4FC5D}.Debug|Any CPU.ActiveCfg = Debug|Any CPU
		{408BE515-8BE0-4CD9-90E5-034335E4FC5D}.Debug|Any CPU.Build.0 = Debug|Any CPU
		{408BE515-8BE0-4CD9-90E5-034335E4FC5D}.Release|Any CPU.ActiveCfg = Release|Any CPU
		{408BE515-8BE0-4CD9-90E5-034335E4FC5D}.Release|Any CPU.Build.0 = Release|Any CPU
		{9ABD7328-AE7B-445A-89B8-8CFC5CC9A042}.Debug|Any CPU.ActiveCfg = Debug|Any CPU
		{9ABD7328-AE7B-445A-89B8-8CFC5CC9A042}.Debug|Any CPU.Build.0 = Debug|Any CPU
		{9ABD7328-AE7B-445A-89B8-8CFC5CC9A042}.Release|Any CPU.ActiveCfg = Release|Any CPU
		{9ABD7328-AE7B-445A-89B8-8CFC5CC9A042}.Release|Any CPU.Build.0 = Release|Any CPU
		{25C3188A-4224-498A-A5BC-82E5634357C5}.Debug|Any CPU.ActiveCfg = Debug|Any CPU
		{25C3188A-4224-498A-A5BC-82E5634357C5}.Debug|Any CPU.Build.0 = Debug|Any CPU
		{25C3188A-4224-498A-A5BC-82E5634357C5}.Release|Any CPU.ActiveCfg = Release|Any CPU
		{25C3188A-4224-498A-A5BC-82E5634357C5}.Release|Any CPU.Build.0 = Release|Any CPU
	EndGlobalSection
	GlobalSection(SolutionProperties) = preSolution
		HideSolutionNode = FALSE
	EndGlobalSection
	GlobalSection(ExtensibilityGlobals) = postSolution
		SolutionGuid = {885F842B-49F0-4CB3-8646-7FAD937EAD71}
	EndGlobalSection
EndGlobal
