
Microsoft Visual Studio Solution File, Format Version 12.00
# Visual Studio Version 16
VisualStudioVersion = 16.0.28803.156
MinimumVisualStudioVersion = 10.0.40219.1
Project("{FAE04EC0-301F-11D3-BF4B-00C04F79EFBC}") = "Camela.Nestor.2D.TP3", "Camela.Nestor.2D.TP3.csproj", "{3DC7E1A5-FB91-4F5E-93FA-27BEB6CCABE4}"
EndProject
Project("{FAE04EC0-301F-11D3-BF4B-00C04F79EFBC}") = "Clases Abstractas", "..\Clases Abstractas\Clases Abstractas.csproj", "{B2ECBC22-D30A-40D9-BED5-0C6B0450621A}"
EndProject
Project("{FAE04EC0-301F-11D3-BF4B-00C04F79EFBC}") = "Clases Instanciables", "..\Clases Instanciables\Clases Instanciables.csproj", "{7381AA42-1CC7-47B5-B381-319E091712B5}"
EndProject
Project("{FAE04EC0-301F-11D3-BF4B-00C04F79EFBC}") = "Excepciones", "..\Excepciones\Excepciones.csproj", "{7BAFFD1B-5F69-4313-A6F7-7074C23A12B5}"
EndProject
Project("{FAE04EC0-301F-11D3-BF4B-00C04F79EFBC}") = "Archivos", "..\Archivos\Archivos.csproj", "{3E32FBC2-D696-4830-92A0-5A443B11964A}"
EndProject
Global
	GlobalSection(SolutionConfigurationPlatforms) = preSolution
		Debug|Any CPU = Debug|Any CPU
		Release|Any CPU = Release|Any CPU
	EndGlobalSection
	GlobalSection(ProjectConfigurationPlatforms) = postSolution
		{3DC7E1A5-FB91-4F5E-93FA-27BEB6CCABE4}.Debug|Any CPU.ActiveCfg = Debug|Any CPU
		{3DC7E1A5-FB91-4F5E-93FA-27BEB6CCABE4}.Debug|Any CPU.Build.0 = Debug|Any CPU
		{3DC7E1A5-FB91-4F5E-93FA-27BEB6CCABE4}.Release|Any CPU.ActiveCfg = Release|Any CPU
		{3DC7E1A5-FB91-4F5E-93FA-27BEB6CCABE4}.Release|Any CPU.Build.0 = Release|Any CPU
		{B2ECBC22-D30A-40D9-BED5-0C6B0450621A}.Debug|Any CPU.ActiveCfg = Debug|Any CPU
		{B2ECBC22-D30A-40D9-BED5-0C6B0450621A}.Debug|Any CPU.Build.0 = Debug|Any CPU
		{B2ECBC22-D30A-40D9-BED5-0C6B0450621A}.Release|Any CPU.ActiveCfg = Release|Any CPU
		{B2ECBC22-D30A-40D9-BED5-0C6B0450621A}.Release|Any CPU.Build.0 = Release|Any CPU
		{7381AA42-1CC7-47B5-B381-319E091712B5}.Debug|Any CPU.ActiveCfg = Debug|Any CPU
		{7381AA42-1CC7-47B5-B381-319E091712B5}.Debug|Any CPU.Build.0 = Debug|Any CPU
		{7381AA42-1CC7-47B5-B381-319E091712B5}.Release|Any CPU.ActiveCfg = Release|Any CPU
		{7381AA42-1CC7-47B5-B381-319E091712B5}.Release|Any CPU.Build.0 = Release|Any CPU
		{7BAFFD1B-5F69-4313-A6F7-7074C23A12B5}.Debug|Any CPU.ActiveCfg = Debug|Any CPU
		{7BAFFD1B-5F69-4313-A6F7-7074C23A12B5}.Debug|Any CPU.Build.0 = Debug|Any CPU
		{7BAFFD1B-5F69-4313-A6F7-7074C23A12B5}.Release|Any CPU.ActiveCfg = Release|Any CPU
		{7BAFFD1B-5F69-4313-A6F7-7074C23A12B5}.Release|Any CPU.Build.0 = Release|Any CPU
		{3E32FBC2-D696-4830-92A0-5A443B11964A}.Debug|Any CPU.ActiveCfg = Debug|Any CPU
		{3E32FBC2-D696-4830-92A0-5A443B11964A}.Debug|Any CPU.Build.0 = Debug|Any CPU
		{3E32FBC2-D696-4830-92A0-5A443B11964A}.Release|Any CPU.ActiveCfg = Release|Any CPU
		{3E32FBC2-D696-4830-92A0-5A443B11964A}.Release|Any CPU.Build.0 = Release|Any CPU
	EndGlobalSection
	GlobalSection(SolutionProperties) = preSolution
		HideSolutionNode = FALSE
	EndGlobalSection
	GlobalSection(ExtensibilityGlobals) = postSolution
		SolutionGuid = {720A7C1E-A31D-482B-AFBD-516201D11B32}
	EndGlobalSection
EndGlobal
